
Microsoft Visual Studio Solution File, Format Version 12.00
# Visual Studio Version 17
VisualStudioVersion = 17.4.33403.182
MinimumVisualStudioVersion = 10.0.40219.1
Project("{FAE04EC0-301F-11D3-BF4B-00C04F79EFBC}") = "WindowsFormsApp3", "WindowsFormsApp3\WindowsFormsApp3.csproj", "{1F822C3D-F6C5-4FC6-9C7B-446D21C90966}"
EndProject
Global
	GlobalSection(SolutionConfigurationPlatforms) = preSolution
		Debug|Any CPU = Debug|Any CPU
		Release|Any CPU = Release|Any CPU
	EndGlobalSection
	GlobalSection(ProjectConfigurationPlatforms) = postSolution
		{1F822C3D-F6C5-4FC6-9C7B-446D21C90966}.Debug|Any CPU.ActiveCfg = Debug|Any CPU
		{1F822C3D-F6C5-4FC6-9C7B-446D21C90966}.Debug|Any CPU.Build.0 = Debug|Any CPU
		{1F822C3D-F6C5-4FC6-9C7B-446D21C90966}.Release|Any CPU.ActiveCfg = Release|Any CPU
		{1F822C3D-F6C5-4FC6-9C7B-446D21C90966}.Release|Any CPU.Build.0 = Release|Any CPU
	EndGlobalSection
	GlobalSection(SolutionProperties) = preSolution
		HideSolutionNode = FALSE
	EndGlobalSection
	GlobalSection(ExtensibilityGlobals) = postSolution
		SolutionGuid = {97539764-0D3C-4830-810E-8A520CDDBF5E}
	EndGlobalSection
EndGlobal
